# This file is automatically @generated by Cargo.
# It is not intended for manual editing.
version = 4

[[package]]
name = "devd"
version = "0.1.0"

[[package]]
name = "hid"
version = "0.1.0"
dependencies = [
 "honeyos-hid",
]

[[package]]
name = "honeyos-dma"
version = "0.1.0"

[[package]]
name = "honeyos-hid"
version = "0.1.0"

[[package]]
name = "honeyos-pci"
version = "0.1.0"

[[package]]
name = "honeyos-pic"
version = "0.1.0"

[[package]]
name = "honeyos-usb"
version = "0.1.0"

[[package]]
name = "pci"
version = "0.1.0"

[[package]]
name = "pic"
version = "0.1.0"

[[package]]
name = "pit"
version = "0.1.0"
dependencies = [
 "honeyos-pic",
]

[[package]]
name = "pty"
version = "0.1.0"

[[package]]
name = "serial"
version = "0.1.0"

[[package]]
name = "xhci"
version = "0.1.0"
dependencies = [
 "honeyos-dma",
 "honeyos-pci",
 "honeyos-pic",
 "honeyos-usb",
]
